// !$*UTF8*$!
{
	archiveVersion = 1;
	classes = {
	};
	objectVersion = 50;
	objects = {

/* Begin PBXBuildFile section */
		D408261626E3436F00E187A7 /* AppDelegate.swift in Sources */ = {isa = PBXBuildFile; fileRef = D408261526E3436F00E187A7 /* AppDelegate.swift */; };
		D408261826E3436F00E187A7 /* SceneDelegate.swift in Sources */ = {isa = PBXBuildFile; fileRef = D408261726E3436F00E187A7 /* SceneDelegate.swift */; };
		D408261A26E3436F00E187A7 /* ViewController.swift in Sources */ = {isa = PBXBuildFile; fileRef = D408261926E3436F00E187A7 /* ViewController.swift */; };
		D408261D26E3436F00E187A7 /* Main.storyboard in Resources */ = {isa = PBXBuildFile; fileRef = D408261B26E3436F00E187A7 /* Main.storyboard */; };
		D408261F26E3437000E187A7 /* Assets.xcassets in Resources */ = {isa = PBXBuildFile; fileRef = D408261E26E3437000E187A7 /* Assets.xcassets */; };
		D408262226E3437000E187A7 /* LaunchScreen.storyboard in Resources */ = {isa = PBXBuildFile; fileRef = D408262026E3437000E187A7 /* LaunchScreen.storyboard */; };
		D408262D26E3437000E187A7 /* HongWifiTests.swift in Sources */ = {isa = PBXBuildFile; fileRef = D408262C26E3437000E187A7 /* HongWifiTests.swift */; };
		D408263826E3437000E187A7 /* HongWifiUITests.swift in Sources */ = {isa = PBXBuildFile; fileRef = D408263726E3437000E187A7 /* HongWifiUITests.swift */; };
/* End PBXBuildFile section */

/* Begin PBXContainerItemProxy section */
		D408262926E3437000E187A7 /* PBXContainerItemProxy */ = {
			isa = PBXContainerItemProxy;
			containerPortal = D408260A26E3436F00E187A7 /* Project object */;
			proxyType = 1;
			remoteGlobalIDString = D408261126E3436F00E187A7;
			remoteInfo = HongWifi;
		};
		D408263426E3437000E187A7 /* PBXContainerItemProxy */ = {
			isa = PBXContainerItemProxy;
			containerPortal = D408260A26E3436F00E187A7 /* Project object */;
			proxyType = 1;
			remoteGlobalIDString = D408261126E3436F00E187A7;
			remoteInfo = HongWifi;
		};
/* End PBXContainerItemProxy section */

/* Begin PBXFileReference section */
		D408261226E3436F00E187A7 /* HongWifi.app */ = {isa = PBXFileReference; explicitFileType = wrapper.application; includeInIndex = 0; path = HongWifi.app; sourceTree = BUILT_PRODUCTS_DIR; };
		D408261526E3436F00E187A7 /* AppDelegate.swift */ = {isa = PBXFileReference; lastKnownFileType = sourcecode.swift; path = AppDelegate.swift; sourceTree = "<group>"; };
		D408261726E3436F00E187A7 /* SceneDelegate.swift */ = {isa = PBXFileReference; lastKnownFileType = sourcecode.swift; path = SceneDelegate.swift; sourceTree = "<group>"; };
		D408261926E3436F00E187A7 /* ViewController.swift */ = {isa = PBXFileReference; lastKnownFileType = sourcecode.swift; path = ViewController.swift; sourceTree = "<group>"; };
		D408261C26E3436F00E187A7 /* Base */ = {isa = PBXFileReference; lastKnownFileType = file.storyboard; name = Base; path = Base.lproj/Main.storyboard; sourceTree = "<group>"; };
		D408261E26E3437000E187A7 /* Assets.xcassets */ = {isa = PBXFileReference; lastKnownFileType = folder.assetcatalog; path = Assets.xcassets; sourceTree = "<group>"; };
		D408262126E3437000E187A7 /* Base */ = {isa = PBXFileReference; lastKnownFileType = file.storyboard; name = Base; path = Base.lproj/LaunchScreen.storyboard; sourceTree = "<group>"; };
		D408262326E3437000E187A7 /* Info.plist */ = {isa = PBXFileReference; lastKnownFileType = text.plist.xml; path = Info.plist; sourceTree = "<group>"; };
		D408262826E3437000E187A7 /* HongWifiTests.xctest */ = {isa = PBXFileReference; explicitFileType = wrapper.cfbundle; includeInIndex = 0; path = HongWifiTests.xctest; sourceTree = BUILT_PRODUCTS_DIR; };
		D408262C26E3437000E187A7 /* HongWifiTests.swift */ = {isa = PBXFileReference; lastKnownFileType = sourcecode.swift; path = HongWifiTests.swift; sourceTree = "<group>"; };
		D408262E26E3437000E187A7 /* Info.plist */ = {isa = PBXFileReference; lastKnownFileType = text.plist.xml; path = Info.plist; sourceTree = "<group>"; };
		D408263326E3437000E187A7 /* HongWifiUITests.xctest */ = {isa = PBXFileReference; explicitFileType = wrapper.cfbundle; includeInIndex = 0; path = HongWifiUITests.xctest; sourceTree = BUILT_PRODUCTS_DIR; };
		D408263726E3437000E187A7 /* HongWifiUITests.swift */ = {isa = PBXFileReference; lastKnownFileType = sourcecode.swift; path = HongWifiUITests.swift; sourceTree = "<group>"; };
		D408263926E3437000E187A7 /* Info.plist */ = {isa = PBXFileReference; lastKnownFileType = text.plist.xml; path = Info.plist; sourceTree = "<group>"; };
/* End PBXFileReference section */

/* Begin PBXFrameworksBuildPhase section */
		D408260F26E3436F00E187A7 /* Frameworks */ = {
			isa = PBXFrameworksBuildPhase;
			buildActionMask = 2147483647;
			files = (
			);
			runOnlyForDeploymentPostprocessing = 0;
		};
		D408262526E3437000E187A7 /* Frameworks */ = {
			isa = PBXFrameworksBuildPhase;
			buildActionMask = 2147483647;
			files = (
			);
			runOnlyForDeploymentPostprocessing = 0;
		};
		D408263026E3437000E187A7 /* Frameworks */ = {
			isa = PBXFrameworksBuildPhase;
			buildActionMask = 2147483647;
			files = (
			);
			runOnlyForDeploymentPostprocessing = 0;
		};
/* End PBXFrameworksBuildPhase section */

/* Begin PBXGroup section */
		D408260926E3436F00E187A7 = {
			isa = PBXGroup;
			children = (
				D408261426E3436F00E187A7 /* HongWifi */,
				D408262B26E3437000E187A7 /* HongWifiTests */,
				D408263626E3437000E187A7 /* HongWifiUITests */,
				D408261326E3436F00E187A7 /* Products */,
			);
			sourceTree = "<group>";
		};
		D408261326E3436F00E187A7 /* Products */ = {
			isa = PBXGroup;
			children = (
				D408261226E3436F00E187A7 /* HongWifi.app */,
				D408262826E3437000E187A7 /* HongWifiTests.xctest */,
				D408263326E3437000E187A7 /* HongWifiUITests.xctest */,
			);
			name = Products;
			sourceTree = "<group>";
		};
		D408261426E3436F00E187A7 /* HongWifi */ = {
			isa = PBXGroup;
			children = (
				D408261526E3436F00E187A7 /* AppDelegate.swift */,
				D408261726E3436F00E187A7 /* SceneDelegate.swift */,
				D408261926E3436F00E187A7 /* ViewController.swift */,
				D408261B26E3436F00E187A7 /* Main.storyboard */,
				D408261E26E3437000E187A7 /* Assets.xcassets */,
				D408262026E3437000E187A7 /* LaunchScreen.storyboard */,
				D408262326E3437000E187A7 /* Info.plist */,
			);
			path = HongWifi;
			sourceTree = "<group>";
		};
		D408262B26E3437000E187A7 /* HongWifiTests */ = {
			isa = PBXGroup;
			children = (
				D408262C26E3437000E187A7 /* HongWifiTests.swift */,
				D408262E26E3437000E187A7 /* Info.plist */,
			);
			path = HongWifiTests;
			sourceTree = "<group>";
		};
		D408263626E3437000E187A7 /* HongWifiUITests */ = {
			isa = PBXGroup;
			children = (
				D408263726E3437000E187A7 /* HongWifiUITests.swift */,
				D408263926E3437000E187A7 /* Info.plist */,
			);
			path = HongWifiUITests;
			sourceTree = "<group>";
		};
/* End PBXGroup section */

/* Begin PBXNativeTarget section */
		D408261126E3436F00E187A7 /* HongWifi */ = {
			isa = PBXNativeTarget;
			buildConfigurationList = D408263C26E3437000E187A7 /* Build configuration list for PBXNativeTarget "HongWifi" */;
			buildPhases = (
				D408260E26E3436F00E187A7 /* Sources */,
				D408260F26E3436F00E187A7 /* Frameworks */,
				D408261026E3436F00E187A7 /* Resources */,
			);
			buildRules = (
			);
			dependencies = (
			);
			name = HongWifi;
			productName = HongWifi;
			productReference = D408261226E3436F00E187A7 /* HongWifi.app */;
			productType = "com.apple.product-type.application";
		};
		D408262726E3437000E187A7 /* HongWifiTests */ = {
			isa = PBXNativeTarget;
			buildConfigurationList = D408263F26E3437000E187A7 /* Build configuration list for PBXNativeTarget "HongWifiTests" */;
			buildPhases = (
				D408262426E3437000E187A7 /* Sources */,
				D408262526E3437000E187A7 /* Frameworks */,
				D408262626E3437000E187A7 /* Resources */,
			);
			buildRules = (
			);
			dependencies = (
				D408262A26E3437000E187A7 /* PBXTargetDependency */,
			);
			name = HongWifiTests;
			productName = HongWifiTests;
			productReference = D408262826E3437000E187A7 /* HongWifiTests.xctest */;
			productType = "com.apple.product-type.bundle.unit-test";
		};
		D408263226E3437000E187A7 /* HongWifiUITests */ = {
			isa = PBXNativeTarget;
			buildConfigurationList = D408264226E3437000E187A7 /* Build configuration list for PBXNativeTarget "HongWifiUITests" */;
			buildPhases = (
				D408262F26E3437000E187A7 /* Sources */,
				D408263026E3437000E187A7 /* Frameworks */,
				D408263126E3437000E187A7 /* Resources */,
			);
			buildRules = (
			);
			dependencies = (
				D408263526E3437000E187A7 /* PBXTargetDependency */,
			);
			name = HongWifiUITests;
			productName = HongWifiUITests;
			productReference = D408263326E3437000E187A7 /* HongWifiUITests.xctest */;
			productType = "com.apple.product-type.bundle.ui-testing";
		};
/* End PBXNativeTarget section */

/* Begin PBXProject section */
		D408260A26E3436F00E187A7 /* Project object */ = {
			isa = PBXProject;
			attributes = {
				LastSwiftUpdateCheck = 1250;
				LastUpgradeCheck = 1250;
				TargetAttributes = {
					D408261126E3436F00E187A7 = {
						CreatedOnToolsVersion = 12.5.1;
					};
					D408262726E3437000E187A7 = {
						CreatedOnToolsVersion = 12.5.1;
						TestTargetID = D408261126E3436F00E187A7;
					};
					D408263226E3437000E187A7 = {
						CreatedOnToolsVersion = 12.5.1;
						TestTargetID = D408261126E3436F00E187A7;
					};
				};
			};
			buildConfigurationList = D408260D26E3436F00E187A7 /* Build configuration list for PBXProject "HongWifi" */;
			compatibilityVersion = "Xcode 9.3";
			developmentRegion = en;
			hasScannedForEncodings = 0;
			knownRegions = (
				en,
				Base,
			);
			mainGroup = D408260926E3436F00E187A7;
			productRefGroup = D408261326E3436F00E187A7 /* Products */;
			projectDirPath = "";
			projectRoot = "";
			targets = (
				D408261126E3436F00E187A7 /* HongWifi */,
				D408262726E3437000E187A7 /* HongWifiTests */,
				D408263226E3437000E187A7 /* HongWifiUITests */,
			);
		};
/* End PBXProject section */

/* Begin PBXResourcesBuildPhase section */
		D408261026E3436F00E187A7 /* Resources */ = {
			isa = PBXResourcesBuildPhase;
			buildActionMask = 2147483647;
			files = (
				D408262226E3437000E187A7 /* LaunchScreen.storyboard in Resources */,
				D408261F26E3437000E187A7 /* Assets.xcassets in Resources */,
				D408261D26E3436F00E187A7 /* Main.storyboard in Resources */,
			);
			runOnlyForDeploymentPostprocessing = 0;
		};
		D408262626E3437000E187A7 /* Resources */ = {
			isa = PBXResourcesBuildPhase;
			buildActionMask = 2147483647;
			files = (
			);
			runOnlyForDeploymentPostprocessing = 0;
		};
		D408263126E3437000E187A7 /* Resources */ = {
			isa = PBXResourcesBuildPhase;
			buildActionMask = 2147483647;
			files = (
			);
			runOnlyForDeploymentPostprocessing = 0;
		};
/* End PBXResourcesBuildPhase section */

/* Begin PBXSourcesBuildPhase section */
		D408260E26E3436F00E187A7 /* Sources */ = {
			isa = PBXSourcesBuildPhase;
			buildActionMask = 2147483647;
			files = (
				D408261A26E3436F00E187A7 /* ViewController.swift in Sources */,
				D408261626E3436F00E187A7 /* AppDelegate.swift in Sources */,
				D408261826E3436F00E187A7 /* SceneDelegate.swift in Sources */,
			);
			runOnlyForDeploymentPostprocessing = 0;
		};
		D408262426E3437000E187A7 /* Sources */ = {
			isa = PBXSourcesBuildPhase;
			buildActionMask = 2147483647;
			files = (
				D408262D26E3437000E187A7 /* HongWifiTests.swift in Sources */,
			);
			runOnlyForDeploymentPostprocessing = 0;
		};
		D408262F26E3437000E187A7 /* Sources */ = {
			isa = PBXSourcesBuildPhase;
			buildActionMask = 2147483647;
			files = (
				D408263826E3437000E187A7 /* HongWifiUITests.swift in Sources */,
			);
			runOnlyForDeploymentPostprocessing = 0;
		};
/* End PBXSourcesBuildPhase section */

/* Begin PBXTargetDependency section */
		D408262A26E3437000E187A7 /* PBXTargetDependency */ = {
			isa = PBXTargetDependency;
			target = D408261126E3436F00E187A7 /* HongWifi */;
			targetProxy = D408262926E3437000E187A7 /* PBXContainerItemProxy */;
		};
		D408263526E3437000E187A7 /* PBXTargetDependency */ = {
			isa = PBXTargetDependency;
			target = D408261126E3436F00E187A7 /* HongWifi */;
			targetProxy = D408263426E3437000E187A7 /* PBXContainerItemProxy */;
		};
/* End PBXTargetDependency section */

/* Begin PBXVariantGroup section */
		D408261B26E3436F00E187A7 /* Main.storyboard */ = {
			isa = PBXVariantGroup;
			children = (
				D408261C26E3436F00E187A7 /* Base */,
			);
			name = Main.storyboard;
			sourceTree = "<group>";
		};
		D408262026E3437000E187A7 /* LaunchScreen.storyboard */ = {
			isa = PBXVariantGroup;
			children = (
				D408262126E3437000E187A7 /* Base */,
			);
			name = LaunchScreen.storyboard;
			sourceTree = "<group>";
		};
/* End PBXVariantGroup section */

/* Begin XCBuildConfiguration section */
		D408263A26E3437000E187A7 /* Debug */ = {
			isa = XCBuildConfiguration;
			buildSettings = {
				ALWAYS_SEARCH_USER_PATHS = NO;
				CLANG_ANALYZER_NONNULL = YES;
				CLANG_ANALYZER_NUMBER_OBJECT_CONVERSION = YES_AGGRESSIVE;
				CLANG_CXX_LANGUAGE_STANDARD = "gnu++14";
				CLANG_CXX_LIBRARY = "libc++";
				CLANG_ENABLE_MODULES = YES;
				CLANG_ENABLE_OBJC_ARC = YES;
				CLANG_ENABLE_OBJC_WEAK = YES;
				CLANG_WARN_BLOCK_CAPTURE_AUTORELEASING = YES;
				CLANG_WARN_BOOL_CONVERSION = YES;
				CLANG_WARN_COMMA = YES;
				CLANG_WARN_CONSTANT_CONVERSION = YES;
				CLANG_WARN_DEPRECATED_OBJC_IMPLEMENTATIONS = YES;
				CLANG_WARN_DIRECT_OBJC_ISA_USAGE = YES_ERROR;
				CLANG_WARN_DOCUMENTATION_COMMENTS = YES;
				CLANG_WARN_EMPTY_BODY = YES;
				CLANG_WARN_ENUM_CONVERSION = YES;
				CLANG_WARN_INFINITE_RECURSION = YES;
				CLANG_WARN_INT_CONVERSION = YES;
				CLANG_WARN_NON_LITERAL_NULL_CONVERSION = YES;
				CLANG_WARN_OBJC_IMPLICIT_RETAIN_SELF = YES;
				CLANG_WARN_OBJC_LITERAL_CONVERSION = YES;
				CLANG_WARN_OBJC_ROOT_CLASS = YES_ERROR;
				CLANG_WARN_QUOTED_INCLUDE_IN_FRAMEWORK_HEADER = YES;
				CLANG_WARN_RANGE_LOOP_ANALYSIS = YES;
				CLANG_WARN_STRICT_PROTOTYPES = YES;
				CLANG_WARN_SUSPICIOUS_MOVE = YES;
				CLANG_WARN_UNGUARDED_AVAILABILITY = YES_AGGRESSIVE;
				CLANG_WARN_UNREACHABLE_CODE = YES;
				CLANG_WARN__DUPLICATE_METHOD_MATCH = YES;
				COPY_PHASE_STRIP = NO;
				DEBUG_INFORMATION_FORMAT = dwarf;
				ENABLE_STRICT_OBJC_MSGSEND = YES;
				ENABLE_TESTABILITY = YES;
				GCC_C_LANGUAGE_STANDARD = gnu11;
				GCC_DYNAMIC_NO_PIC = NO;
				GCC_NO_COMMON_BLOCKS = YES;
				GCC_OPTIMIZATION_LEVEL = 0;
				GCC_PREPROCESSOR_DEFINITIONS = (
					"DEBUG=1",
					"$(inherited)",
				);
				GCC_WARN_64_TO_32_BIT_CONVERSION = YES;
				GCC_WARN_ABOUT_RETURN_TYPE = YES_ERROR;
				GCC_WARN_UNDECLARED_SELECTOR = YES;
				GCC_WARN_UNINITIALIZED_AUTOS = YES_AGGRESSIVE;
				GCC_WARN_UNUSED_FUNCTION = YES;
				GCC_WARN_UNUSED_VARIABLE = YES;
				IPHONEOS_DEPLOYMENT_TARGET = 14.5;
				MTL_ENABLE_DEBUG_INFO = INCLUDE_SOURCE;
				MTL_FAST_MATH = YES;
				ONLY_ACTIVE_ARCH = YES;
				SDKROOT = iphoneos;
				SWIFT_ACTIVE_COMPILATION_CONDITIONS = DEBUG;
				SWIFT_OPTIMIZATION_LEVEL = "-Onone";
			};
			name = Debug;
		};
		D408263B26E3437000E187A7 /* Release */ = {
			isa = XCBuildConfiguration;
			buildSettings = {
				ALWAYS_SEARCH_USER_PATHS = NO;
				CLANG_ANALYZER_NONNULL = YES;
				CLANG_ANALYZER_NUMBER_OBJECT_CONVERSION = YES_AGGRESSIVE;
				CLANG_CXX_LANGUAGE_STANDARD = "gnu++14";
				CLANG_CXX_LIBRARY = "libc++";
				CLANG_ENABLE_MODULES = YES;
				CLANG_ENABLE_OBJC_ARC = YES;
				CLANG_ENABLE_OBJC_WEAK = YES;
				CLANG_WARN_BLOCK_CAPTURE_AUTORELEASING = YES;
				CLANG_WARN_BOOL_CONVERSION = YES;
				CLANG_WARN_COMMA = YES;
				CLANG_WARN_CONSTANT_CONVERSION = YES;
				CLANG_WARN_DEPRECATED_OBJC_IMPLEMENTATIONS = YES;
				CLANG_WARN_DIRECT_OBJC_ISA_USAGE = YES_ERROR;
				CLANG_WARN_DOCUMENTATION_COMMENTS = YES;
				CLANG_WARN_EMPTY_BODY = YES;
				CLANG_WARN_ENUM_CONVERSION = YES;
				CLANG_WARN_INFINITE_RECURSION = YES;
				CLANG_WARN_INT_CONVERSION = YES;
				CLANG_WARN_NON_LITERAL_NULL_CONVERSION = YES;
				CLANG_WARN_OBJC_IMPLICIT_RETAIN_SELF = YES;
				CLANG_WARN_OBJC_LITERAL_CONVERSION = YES;
				CLANG_WARN_OBJC_ROOT_CLASS = YES_ERROR;
				CLANG_WARN_QUOTED_INCLUDE_IN_FRAMEWORK_HEADER = YES;
				CLANG_WARN_RANGE_LOOP_ANALYSIS = YES;
				CLANG_WARN_STRICT_PROTOTYPES = YES;
				CLANG_WARN_SUSPICIOUS_MOVE = YES;
				CLANG_WARN_UNGUARDED_AVAILABILITY = YES_AGGRESSIVE;
				CLANG_WARN_UNREACHABLE_CODE = YES;
				CLANG_WARN__DUPLICATE_METHOD_MATCH = YES;
				COPY_PHASE_STRIP = NO;
				DEBUG_INFORMATION_FORMAT = "dwarf-with-dsym";
				ENABLE_NS_ASSERTIONS = NO;
				ENABLE_STRICT_OBJC_MSGSEND = YES;
				GCC_C_LANGUAGE_STANDARD = gnu11;
				GCC_NO_COMMON_BLOCKS = YES;
				GCC_WARN_64_TO_32_BIT_CONVERSION = YES;
				GCC_WARN_ABOUT_RETURN_TYPE = YES_ERROR;
				GCC_WARN_UNDECLARED_SELECTOR = YES;
				GCC_WARN_UNINITIALIZED_AUTOS = YES_AGGRESSIVE;
				GCC_WARN_UNUSED_FUNCTION = YES;
				GCC_WARN_UNUSED_VARIABLE = YES;
				IPHONEOS_DEPLOYMENT_TARGET = 14.5;
				MTL_ENABLE_DEBUG_INFO = NO;
				MTL_FAST_MATH = YES;
				SDKROOT = iphoneos;
				SWIFT_COMPILATION_MODE = wholemodule;
				SWIFT_OPTIMIZATION_LEVEL = "-O";
				VALIDATE_PRODUCT = YES;
			};
			name = Release;
		};
		D408263D26E3437000E187A7 /* Debug */ = {
			isa = XCBuildConfiguration;
			buildSettings = {
				ASSETCATALOG_COMPILER_APPICON_NAME = AppIcon;
				ASSETCATALOG_COMPILER_GLOBAL_ACCENT_COLOR_NAME = AccentColor;
				CODE_SIGN_STYLE = Automatic;
				DEVELOPMENT_TEAM = TZVHD77BLL;
				INFOPLIST_FILE = HongWifi/Info.plist;
				LD_RUNPATH_SEARCH_PATHS = (
					"$(inherited)",
					"@executable_path/Frameworks",
				);
				PRODUCT_BUNDLE_IDENTIFIER = com.jy.HongWifi;
				PRODUCT_NAME = "$(TARGET_NAME)";
				SWIFT_VERSION = 5.0;
				TARGETED_DEVICE_FAMILY = "1,2";
			};
			name = Debug;
		};
		D408263E26E3437000E187A7 /* Release */ = {
			isa = XCBuildConfiguration;
			buildSettings = {
				ASSETCATALOG_COMPILER_APPICON_NAME = AppIcon;
				ASSETCATALOG_COMPILER_GLOBAL_ACCENT_COLOR_NAME = AccentColor;
				CODE_SIGN_STYLE = Automatic;
				DEVELOPMENT_TEAM = TZVHD77BLL;
				INFOPLIST_FILE = HongWifi/Info.plist;
				LD_RUNPATH_SEARCH_PATHS = (
					"$(inherited)",
					"@executable_path/Frameworks",
				);
				PRODUCT_BUNDLE_IDENTIFIER = com.jy.HongWifi;
				PRODUCT_NAME = "$(TARGET_NAME)";
				SWIFT_VERSION = 5.0;
				TARGETED_DEVICE_FAMILY = "1,2";
			};
			name = Release;
		};
		D408264026E3437000E187A7 /* Debug */ = {
			isa = XCBuildConfiguration;
			buildSettings = {
				ALWAYS_EMBED_SWIFT_STANDARD_LIBRARIES = YES;
				BUNDLE_LOADER = "$(TEST_HOST)";
				CODE_SIGN_STYLE = Automatic;
				DEVELOPMENT_TEAM = TZVHD77BLL;
				INFOPLIST_FILE = HongWifiTests/Info.plist;
				IPHONEOS_DEPLOYMENT_TARGET = 14.5;
				LD_RUNPATH_SEARCH_PATHS = (
					"$(inherited)",
					"@executable_path/Frameworks",
					"@loader_path/Frameworks",
				);
				PRODUCT_BUNDLE_IDENTIFIER = com.jy.HongWifiTests;
				PRODUCT_NAME = "$(TARGET_NAME)";
				SWIFT_VERSION = 5.0;
				TARGETED_DEVICE_FAMILY = "1,2";
				TEST_HOST = "$(BUILT_PRODUCTS_DIR)/HongWifi.app/HongWifi";
			};
			name = Debug;
		};
		D408264126E3437000E187A7 /* Release */ = {
			isa = XCBuildConfiguration;
			buildSettings = {
				ALWAYS_EMBED_SWIFT_STANDARD_LIBRARIES = YES;
				BUNDLE_LOADER = "$(TEST_HOST)";
				CODE_SIGN_STYLE = Automatic;
				DEVELOPMENT_TEAM = TZVHD77BLL;
				INFOPLIST_FILE = HongWifiTests/Info.plist;
				IPHONEOS_DEPLOYMENT_TARGET = 14.5;
				LD_RUNPATH_SEARCH_PATHS = (
					"$(inherited)",
					"@executable_path/Frameworks",
					"@loader_path/Frameworks",
				);
				PRODUCT_BUNDLE_IDENTIFIER = com.jy.HongWifiTests;
				PRODUCT_NAME = "$(TARGET_NAME)";
				SWIFT_VERSION = 5.0;
				TARGETED_DEVICE_FAMILY = "1,2";
				TEST_HOST = "$(BUILT_PRODUCTS_DIR)/HongWifi.app/HongWifi";
			};
			name = Release;
		};
		D408264326E3437000E187A7 /* Debug */ = {
			isa = XCBuildConfiguration;
			buildSettings = {
				ALWAYS_EMBED_SWIFT_STANDARD_LIBRARIES = YES;
				CODE_SIGN_STYLE = Automatic;
				DEVELOPMENT_TEAM = TZVHD77BLL;
				INFOPLIST_FILE = HongWifiUITests/Info.plist;
				LD_RUNPATH_SEARCH_PATHS = (
					"$(inherited)",
					"@executable_path/Frameworks",
					"@loader_path/Frameworks",
				);
				PRODUCT_BUNDLE_IDENTIFIER = com.jy.HongWifiUITests;
				PRODUCT_NAME = "$(TARGET_NAME)";
				SWIFT_VERSION = 5.0;
				TARGETED_DEVICE_FAMILY = "1,2";
				TEST_TARGET_NAME = HongWifi;
			};
			name = Debug;
		};
		D408264426E3437000E187A7 /* Release */ = {
			isa = XCBuildConfiguration;
			buildSettings = {
				ALWAYS_EMBED_SWIFT_STANDARD_LIBRARIES = YES;
				CODE_SIGN_STYLE = Automatic;
				DEVELOPMENT_TEAM = TZVHD77BLL;
				INFOPLIST_FILE = HongWifiUITests/Info.plist;
				LD_RUNPATH_SEARCH_PATHS = (
					"$(inherited)",
					"@executable_path/Frameworks",
					"@loader_path/Frameworks",
				);
				PRODUCT_BUNDLE_IDENTIFIER = com.jy.HongWifiUITests;
				PRODUCT_NAME = "$(TARGET_NAME)";
				SWIFT_VERSION = 5.0;
				TARGETED_DEVICE_FAMILY = "1,2";
				TEST_TARGET_NAME = HongWifi;
			};
			name = Release;
		};
/* End XCBuildConfiguration section */

/* Begin XCConfigurationList section */
		D408260D26E3436F00E187A7 /* Build configuration list for PBXProject "HongWifi" */ = {
			isa = XCConfigurationList;
			buildConfigurations = (
				D408263A26E3437000E187A7 /* Debug */,
				D408263B26E3437000E187A7 /* Release */,
			);
			defaultConfigurationIsVisible = 0;
			defaultConfigurationName = Release;
		};
		D408263C26E3437000E187A7 /* Build configuration list for PBXNativeTarget "HongWifi" */ = {
			isa = XCConfigurationList;
			buildConfigurations = (
				D408263D26E3437000E187A7 /* Debug */,
				D408263E26E3437000E187A7 /* Release */,
			);
			defaultConfigurationIsVisible = 0;
			defaultConfigurationName = Release;
		};
		D408263F26E3437000E187A7 /* Build configuration list for PBXNativeTarget "HongWifiTests" */ = {
			isa = XCConfigurationList;
			buildConfigurations = (
				D408264026E3437000E187A7 /* Debug */,
				D408264126E3437000E187A7 /* Release */,
			);
			defaultConfigurationIsVisible = 0;
			defaultConfigurationName = Release;
		};
		D408264226E3437000E187A7 /* Build configuration list for PBXNativeTarget "HongWifiUITests" */ = {
			isa = XCConfigurationList;
			buildConfigurations = (
				D408264326E3437000E187A7 /* Debug */,
				D408264426E3437000E187A7 /* Release */,
			);
			defaultConfigurationIsVisible = 0;
			defaultConfigurationName = Release;
		};
/* End XCConfigurationList section */
	};
	rootObject = D408260A26E3436F00E187A7 /* Project object */;
}
